{
  "name": "task2_1",
  "version": "1.0.0",
  "lockfileVersion": 3,
  "requires": true,
  "packages": {
    "": {
      "name": "task2_1",
      "version": "1.0.0",
      "license": "ISC",
      "dependencies": {
        "typescript-require": "^0.3.0"
      }
    },
    "node_modules/@types/node": {
      "version": "14.18.63",
      "resolved": "https://registry.npmjs.org/@types/node/-/node-14.18.63.tgz",
      "integrity": "sha512-fAtCfv4jJg+ExtXhvCkCqUKZ+4ok/JQk01qDKhL5BDDoS3AxKXhV5/MAVUZyQnSEd2GT92fkgZl0pz0Q0AzcIQ=="
    },
    "node_modules/typescript": {
      "version": "3.9.10",
      "resolved": "https://registry.npmjs.org/typescript/-/typescript-3.9.10.tgz",
      "integrity": "sha512-w6fIxVE/H1PkLKcCPsFqKE7Kv7QUwhU8qQY2MueZXWx5cPZdwFupLgKK3vntcK98BtNHZtAF4LA/yl2a7k8R6Q==",
      "bin": {
        "tsc": "bin/tsc",
        "tsserver": "bin/tsserver"
      },
      "engines": {
        "node": ">=4.2.0"
      }
    },
    "node_modules/typescript-require": {
      "version": "0.3.0",
      "resolved": "https://registry.npmjs.org/typescript-require/-/typescript-require-0.3.0.tgz",
      "integrity": "sha512-mWHox/6LkZFeQyC0eXQFGbc8XZCZqSulyi5KUNfbJJIpFJnYBnJO9RELlGt9rFlCtfauxou+JcOMqeisBws92A==",
      "dependencies": {
        "@types/node": "^14.0.23",
        "typescript": "^3.9.6"
      },
      "engines": {
        "node": "*"
      }
    }
  }
}
